
Microsoft Visual Studio Solution File, Format Version 12.00
# Visual Studio 2012
Project("{FAE04EC0-301F-11D3-BF4B-00C04F79EFBC}") = "PictureOrganizer", "PictureOrganizer\PictureOrganizer.csproj", "{BEC9888A-6129-41C5-A5EB-C55701231656}"
EndProject
Project("{FAE04EC0-301F-11D3-BF4B-00C04F79EFBC}") = "PictureOrganizer.UI", "PictureOrganizer.UI\PictureOrganizer.UI.csproj", "{A960DF52-8C5A-4FA9-9CC5-6796D4096532}"
EndProject
Global
	GlobalSection(SolutionConfigurationPlatforms) = preSolution
		Debug|Any CPU = Debug|Any CPU
		Release|Any CPU = Release|Any CPU
	EndGlobalSection
	GlobalSection(ProjectConfigurationPlatforms) = postSolution
		{BEC9888A-6129-41C5-A5EB-C55701231656}.Debug|Any CPU.ActiveCfg = Debug|Any CPU
		{BEC9888A-6129-41C5-A5EB-C55701231656}.Debug|Any CPU.Build.0 = Debug|Any CPU
		{BEC9888A-6129-41C5-A5EB-C55701231656}.Release|Any CPU.ActiveCfg = Release|Any CPU
		{BEC9888A-6129-41C5-A5EB-C55701231656}.Release|Any CPU.Build.0 = Release|Any CPU
		{A960DF52-8C5A-4FA9-9CC5-6796D4096532}.Debug|Any CPU.ActiveCfg = Debug|Any CPU
		{A960DF52-8C5A-4FA9-9CC5-6796D4096532}.Debug|Any CPU.Build.0 = Debug|Any CPU
		{A960DF52-8C5A-4FA9-9CC5-6796D4096532}.Release|Any CPU.ActiveCfg = Release|Any CPU
		{A960DF52-8C5A-4FA9-9CC5-6796D4096532}.Release|Any CPU.Build.0 = Release|Any CPU
	EndGlobalSection
	GlobalSection(SolutionProperties) = preSolution
		HideSolutionNode = FALSE
	EndGlobalSection
EndGlobal
